<Solution>
  <Project Path="LeXtudio.Windows/LeXtudio.Windows.csproj" />
  <Project Path="LeXtudio.Windows.Sample/LeXtudio.Windows.Sample.csproj" />
  <Project Path="LeXtudio.Windows.Tests/LeXtudio.Windows.Tests.csproj" />
  <Project Path="../tests/DataGrid.TestScenarios/DataGrid.TestScenarios.csproj" />
</Solution>
